
Microsoft Visual Studio Solution File, Format Version 12.00
# Visual Studio Version 16
VisualStudioVersion = 16.0.30907.101
MinimumVisualStudioVersion = 10.0.40219.1
Project("{F184B08F-C81C-45F6-A57F-5ABD9991F28F}") = "test1", "test1\test1.vbproj", "{04939047-D6D4-4B7C-BD9F-0CD6F9098553}"
EndProject
Global
	GlobalSection(SolutionConfigurationPlatforms) = preSolution
		Debug|Any CPU = Debug|Any CPU
		Release|Any CPU = Release|Any CPU
	EndGlobalSection
	GlobalSection(ProjectConfigurationPlatforms) = postSolution
		{04939047-D6D4-4B7C-BD9F-0CD6F9098553}.Debug|Any CPU.ActiveCfg = Debug|Any CPU
		{04939047-D6D4-4B7C-BD9F-0CD6F9098553}.Debug|Any CPU.Build.0 = Debug|Any CPU
		{04939047-D6D4-4B7C-BD9F-0CD6F9098553}.Release|Any CPU.ActiveCfg = Release|Any CPU
		{04939047-D6D4-4B7C-BD9F-0CD6F9098553}.Release|Any CPU.Build.0 = Release|Any CPU
	EndGlobalSection
	GlobalSection(SolutionProperties) = preSolution
		HideSolutionNode = FALSE
	EndGlobalSection
	GlobalSection(ExtensibilityGlobals) = postSolution
		SolutionGuid = {CA89B088-AA15-44AF-A134-3C114ECC7947}
	EndGlobalSection
EndGlobal
